
Microsoft Visual Studio Solution File, Format Version 12.00
# Visual Studio Version 16
VisualStudioVersion = 16.0.31911.196
MinimumVisualStudioVersion = 10.0.40219.1
Project("{FAE04EC0-301F-11D3-BF4B-00C04F79EFBC}") = "Api", "Api\Api.csproj", "{A3FE5687-1983-49FF-87EE-427F3996E29B}"
EndProject
Project("{FAE04EC0-301F-11D3-BF4B-00C04F79EFBC}") = "UnitTests", "UnitTests\UnitTests.csproj", "{DD5E3273-EADF-4231-AB8D-57EB1D46975F}"
EndProject
Global
	GlobalSection(SolutionConfigurationPlatforms) = preSolution
		Debug|Any CPU = Debug|Any CPU
		Release|Any CPU = Release|Any CPU
	EndGlobalSection
	GlobalSection(ProjectConfigurationPlatforms) = postSolution
		{A3FE5687-1983-49FF-87EE-427F3996E29B}.Debug|Any CPU.ActiveCfg = Debug|Any CPU
		{A3FE5687-1983-49FF-87EE-427F3996E29B}.Debug|Any CPU.Build.0 = Debug|Any CPU
		{A3FE5687-1983-49FF-87EE-427F3996E29B}.Release|Any CPU.ActiveCfg = Release|Any CPU
		{A3FE5687-1983-49FF-87EE-427F3996E29B}.Release|Any CPU.Build.0 = Release|Any CPU
		{DD5E3273-EADF-4231-AB8D-57EB1D46975F}.Debug|Any CPU.ActiveCfg = Debug|Any CPU
		{DD5E3273-EADF-4231-AB8D-57EB1D46975F}.Debug|Any CPU.Build.0 = Debug|Any CPU
		{DD5E3273-EADF-4231-AB8D-57EB1D46975F}.Release|Any CPU.ActiveCfg = Release|Any CPU
		{DD5E3273-EADF-4231-AB8D-57EB1D46975F}.Release|Any CPU.Build.0 = Release|Any CPU
	EndGlobalSection
	GlobalSection(SolutionProperties) = preSolution
		HideSolutionNode = FALSE
	EndGlobalSection
	GlobalSection(ExtensibilityGlobals) = postSolution
		SolutionGuid = {3B8DDA60-7AA7-473C-94B5-E7AEA0592C3C}
	EndGlobalSection
EndGlobal
